{
  "name": "gumroad-seo-mcp",
  "version": "0.1.0",
  "lockfileVersion": 3,
  "requires": true,
  "packages": {
    "": {
      "name": "gumroad-seo-mcp",
      "version": "0.1.0",
      "license": "MIT",
      "bin": {
        "gumroad-seo": "bin/gumroad-seo.js",
        "gumroad-seo-mcp": "bin/gumroad-seo-mcp.js"
      },
      "engines": {
        "node": ">=18.0.0",
        "npm": ">=9.0.0"
      }
    }
  }
}
